
Microsoft Visual Studio Solution File, Format Version 12.00
# Visual Studio 2017
Project("{FAE04EC0-301F-11D3-BF4B-00C04F79EFBC}") = "iceburg.Plugins", "iceburg.Plugins.csproj", "{E12FA531-CA91-62D7-62E5-9D803BF48FF8}"
EndProject
Project("{FAE04EC0-301F-11D3-BF4B-00C04F79EFBC}") = "iceburg", "iceburg.csproj", "{FD681D31-E271-11D9-C600-34141FBC2170}"
EndProject
Project("{FAE04EC0-301F-11D3-BF4B-00C04F79EFBC}") = "iceburg.Editor.Plugins", "iceburg.Editor.Plugins.csproj", "{8FB63462-23BB-F6C4-DF5C-42984B0629A1}"
EndProject
Global
	GlobalSection(SolutionConfigurationPlatforms) = preSolution
		Debug|Any CPU = Debug|Any CPU
		Release|Any CPU = Release|Any CPU
	EndGlobalSection
	GlobalSection(ProjectConfigurationPlatforms) = postSolution
		{E12FA531-CA91-62D7-62E5-9D803BF48FF8}.Debug|Any CPU.ActiveCfg = Debug|Any CPU
		{E12FA531-CA91-62D7-62E5-9D803BF48FF8}.Debug|Any CPU.Build.0 = Debug|Any CPU
		{E12FA531-CA91-62D7-62E5-9D803BF48FF8}.Release|Any CPU.ActiveCfg = Release|Any CPU
		{E12FA531-CA91-62D7-62E5-9D803BF48FF8}.Release|Any CPU.Build.0 = Release|Any CPU
		{FD681D31-E271-11D9-C600-34141FBC2170}.Debug|Any CPU.ActiveCfg = Debug|Any CPU
		{FD681D31-E271-11D9-C600-34141FBC2170}.Debug|Any CPU.Build.0 = Debug|Any CPU
		{FD681D31-E271-11D9-C600-34141FBC2170}.Release|Any CPU.ActiveCfg = Release|Any CPU
		{FD681D31-E271-11D9-C600-34141FBC2170}.Release|Any CPU.Build.0 = Release|Any CPU
		{8FB63462-23BB-F6C4-DF5C-42984B0629A1}.Debug|Any CPU.ActiveCfg = Debug|Any CPU
		{8FB63462-23BB-F6C4-DF5C-42984B0629A1}.Debug|Any CPU.Build.0 = Debug|Any CPU
		{8FB63462-23BB-F6C4-DF5C-42984B0629A1}.Release|Any CPU.ActiveCfg = Release|Any CPU
		{8FB63462-23BB-F6C4-DF5C-42984B0629A1}.Release|Any CPU.Build.0 = Release|Any CPU
	EndGlobalSection
	GlobalSection(SolutionProperties) = preSolution
		HideSolutionNode = FALSE
	EndGlobalSection
EndGlobal
