
Microsoft Visual Studio Solution File, Format Version 11.00
# Visual Studio 2010
Project("{FAE04EC0-301F-11D3-BF4B-00C04F79EFBC}") = "iceburg", "Assembly-CSharp-firstpass.csproj", "{7D65A147-12E1-060F-841B-1A63CE2BFABD}"
EndProject
Project("{FAE04EC0-301F-11D3-BF4B-00C04F79EFBC}") = "iceburg", "Assembly-CSharp.csproj", "{3BB24EB2-F229-DDD1-B26C-057C23518254}"
EndProject
Project("{FAE04EC0-301F-11D3-BF4B-00C04F79EFBC}") = "iceburg", "Assembly-CSharp-Editor-firstpass.csproj", "{9611EBBE-B659-AE00-8891-325DF92F5054}"
EndProject
Global
	GlobalSection(SolutionConfigurationPlatforms) = preSolution
		Debug|Any CPU = Debug|Any CPU
		Release|Any CPU = Release|Any CPU
	EndGlobalSection
	GlobalSection(ProjectConfigurationPlatforms) = postSolution
		{7D65A147-12E1-060F-841B-1A63CE2BFABD}.Debug|Any CPU.ActiveCfg = Debug|Any CPU
		{7D65A147-12E1-060F-841B-1A63CE2BFABD}.Debug|Any CPU.Build.0 = Debug|Any CPU
		{7D65A147-12E1-060F-841B-1A63CE2BFABD}.Release|Any CPU.ActiveCfg = Release|Any CPU
		{7D65A147-12E1-060F-841B-1A63CE2BFABD}.Release|Any CPU.Build.0 = Release|Any CPU
		{3BB24EB2-F229-DDD1-B26C-057C23518254}.Debug|Any CPU.ActiveCfg = Debug|Any CPU
		{3BB24EB2-F229-DDD1-B26C-057C23518254}.Debug|Any CPU.Build.0 = Debug|Any CPU
		{3BB24EB2-F229-DDD1-B26C-057C23518254}.Release|Any CPU.ActiveCfg = Release|Any CPU
		{3BB24EB2-F229-DDD1-B26C-057C23518254}.Release|Any CPU.Build.0 = Release|Any CPU
		{9611EBBE-B659-AE00-8891-325DF92F5054}.Debug|Any CPU.ActiveCfg = Debug|Any CPU
		{9611EBBE-B659-AE00-8891-325DF92F5054}.Debug|Any CPU.Build.0 = Debug|Any CPU
		{9611EBBE-B659-AE00-8891-325DF92F5054}.Release|Any CPU.ActiveCfg = Release|Any CPU
		{9611EBBE-B659-AE00-8891-325DF92F5054}.Release|Any CPU.Build.0 = Release|Any CPU
	EndGlobalSection
	GlobalSection(SolutionProperties) = preSolution
		HideSolutionNode = FALSE
	EndGlobalSection
	GlobalSection(MonoDevelopProperties) = preSolution
		StartupItem = Assembly-CSharp.csproj
	EndGlobalSection
EndGlobal
